{
  "name": "bs-player-positions",
  "version": "0.0.2",
  "lockfileVersion": 1,
  "requires": true,
  "dependencies": {
    "bs-geometric-forms": {
      "version": "0.1.0",
      "resolved": "https://registry.npmjs.org/bs-geometric-forms/-/bs-geometric-forms-0.1.0.tgz",
      "integrity": "sha512-52JKonLtGxokY9ZUfg/ztFUrIDarqHOAlpCdvQbYAjcbn2kyaPpo298qg3vASzktgyjZ6LxX5EqS21bINM2+hQ==",
      "requires": {
        "d3-shape": "1.2.0",
        "ramda": "0.24.1"
      },
      "dependencies": {
        "ramda": {
          "version": "0.24.1",
          "resolved": "https://registry.npmjs.org/ramda/-/ramda-0.24.1.tgz",
          "integrity": "sha1-w7d1UZfzW43DUCIoJixMkd22uFc="
        }
      }
    },
    "d3-path": {
      "version": "1.0.5",
      "resolved": "https://registry.npmjs.org/d3-path/-/d3-path-1.0.5.tgz",
      "integrity": "sha1-JB6xhJvZ6egCHA0KeZ+KDo5EF2Q="
    },
    "d3-shape": {
      "version": "1.2.0",
      "resolved": "https://registry.npmjs.org/d3-shape/-/d3-shape-1.2.0.tgz",
      "integrity": "sha1-RdAVOPBkuv0F6j1tLLdI/YxB93c=",
      "requires": {
        "d3-path": "1.0.5"
      }
    },
    "ramda": {
      "version": "0.25.0",
      "resolved": "https://registry.npmjs.org/ramda/-/ramda-0.25.0.tgz",
      "integrity": "sha512-GXpfrYVPwx3K7RQ6aYT8KPS8XViSXUVJT1ONhoKPE9VAleW42YE+U+8VEyGWt41EnEQW7gwecYJriTI0pKoecQ=="
    }
  }
}
